
Microsoft Visual Studio Solution File, Format Version 12.00
# Visual Studio 15
VisualStudioVersion = 15.0.27130.2020
MinimumVisualStudioVersion = 10.0.40219.1
Project("{FAE04EC0-301F-11D3-BF4B-00C04F79EFBC}") = "Login", "Login\Login.csproj", "{862FE771-F7D8-4526-9525-D6BF1E01C234}"
EndProject
Global
	GlobalSection(SolutionConfigurationPlatforms) = preSolution
		Debug|Any CPU = Debug|Any CPU
		Release|Any CPU = Release|Any CPU
	EndGlobalSection
	GlobalSection(ProjectConfigurationPlatforms) = postSolution
		{862FE771-F7D8-4526-9525-D6BF1E01C234}.Debug|Any CPU.ActiveCfg = Debug|Any CPU
		{862FE771-F7D8-4526-9525-D6BF1E01C234}.Debug|Any CPU.Build.0 = Debug|Any CPU
		{862FE771-F7D8-4526-9525-D6BF1E01C234}.Release|Any CPU.ActiveCfg = Release|Any CPU
		{862FE771-F7D8-4526-9525-D6BF1E01C234}.Release|Any CPU.Build.0 = Release|Any CPU
	EndGlobalSection
	GlobalSection(SolutionProperties) = preSolution
		HideSolutionNode = FALSE
	EndGlobalSection
	GlobalSection(ExtensibilityGlobals) = postSolution
		SolutionGuid = {122F0DC0-E3B2-4214-9548-B2E4B09BFE5A}
	EndGlobalSection
EndGlobal
